# This file is autogenerated, do not edit; changes may be undone by the next 'dep ensure'.


[[projects]]
  name = "github.com/cloudfoundry/bosh-utils"
  packages = [
    "errors",
    "logger",
    "system",
    "system/fakes",
    "uuid",
    "uuid/fakes"
  ]
  revision = "67f99ed9a1c4eab0f7b7db3a7cdcb8e019710d61"

[[projects]]
  name = "github.com/golang/protobuf"
  packages = ["proto"]
  revision = "99511271042a09d1e01baea8781caa5210fec66e"

[[projects]]
  branch = "master"
  name = "github.com/nu7hatch/gouuid"
  packages = ["."]
  revision = "179d4d0c4d8d407a32af483c2354df1d2c91e6c3"

[[projects]]
  name = "github.com/onsi/ginkgo"
  packages = [
    ".",
    "config",
    "internal/codelocation",
    "internal/containernode",
    "internal/failer",
    "internal/leafnodes",
    "internal/remote",
    "internal/spec",
    "internal/specrunner",
    "internal/suite",
    "internal/testingtproxy",
    "internal/writer",
    "reporters",
    "reporters/stenographer",
    "types"
  ]
  revision = "c3a655f9b37a2207fa39721b078b3173ee9218d6"

[[projects]]
  name = "github.com/onsi/gomega"
  packages = [
    ".",
    "format",
    "internal/assertion",
    "internal/asyncassertion",
    "internal/oraclematcher",
    "internal/testingtsupport",
    "matchers",
    "matchers/support/goraph/bipartitegraph",
    "matchers/support/goraph/edge",
    "matchers/support/goraph/node",
    "matchers/support/goraph/util",
    "types"
  ]
  revision = "7ce781ea776b2fd506491011353bded2e40c8467"

[[projects]]
  name = "golang.org/x/net"
  packages = [
    "context",
    "context/ctxhttp"
  ]
  revision = "35b06af0720201bc2f326773a80767387544f8c4"

[[projects]]
  name = "golang.org/x/oauth2"
  packages = [
    ".",
    "google",
    "internal",
    "jws",
    "jwt"
  ]
  revision = "045497edb6234273d67dbc25da3f2ddbc4c4cacf"

[[projects]]
  name = "google.golang.org/api"
  packages = [
    "compute/v0.beta",
    "compute/v1",
    "gensupport",
    "googleapi",
    "googleapi/internal/uritemplates",
    "storage/v1"
  ]
  revision = "55146ba61254fdb1c26d65ff3c04bc1611ad73fb"

[[projects]]
  name = "google.golang.org/appengine"
  packages = [
    ".",
    "internal",
    "internal/app_identity",
    "internal/base",
    "internal/datastore",
    "internal/log",
    "internal/modules",
    "internal/remote_api",
    "internal/urlfetch",
    "urlfetch"
  ]
  revision = "12d5545dc1cfa6047a286d5e853841b6471f4c19"

[[projects]]
  name = "google.golang.org/cloud"
  packages = [
    "compute/metadata",
    "internal"
  ]
  revision = "83ee71d0fec26977bad1662134fa1e8c91268025"

[solve-meta]
  analyzer-name = "dep"
  analyzer-version = 1
  inputs-digest = "ce00b2f23201b8d6f28c965f447f4653febfbd5ed1e529f0548f579bbf57ed32"
  solver-name = "gps-cdcl"
  solver-version = 1
